Microsoft Visual Studio Solution File, Format Version 12.00
# Visual Studio 15
VisualStudioVersion = 15.0.28307.960
MinimumVisualStudioVersion = 10.0.40219.1
Project("{8BC9CEB8-8B4A-11D0-8D11-00A0C91BC942}") = "RadeonProRenderMaxPlugin", "RadeonProRenderMaxPlugin.vcxproj", "{1589B416-D7A7-48EE-988E-7191B5B24D28}"
EndProject
Project("{2150E333-8FDC-42A3-9474-1A3956D46DE8}") = "Solution Items", "Solution Items", "{5359BEC9-275A-4728-A26E-06B8140B8651}"
	ProjectSection(SolutionItems) = preProject
		ABOUT.rtf = ABOUT.rtf
		README.md = README.md
	EndProjectSection
EndProject
Project("{2150E333-8FDC-42A3-9474-1A3956D46DE8}") = "Docs", "Docs", "{A3C85371-EA12-4805-B1D7-94C4343E6CEA}"
	ProjectSection(SolutionItems) = preProject
		Docs\FireRender Parameters.txt = Docs\FireRender Parameters.txt
		Docs\Shader params.txt = Docs\Shader params.txt
	EndProjectSection
EndProject
Project("{8BC9CEB8-8B4A-11D0-8D11-00A0C91BC942}") = "expatw_static", "RadeonProRenderSharedComponents\Expat_2.1.0\Source\lib\expatw_static.vcxproj", "{EF133AA3-21E3-465C-89CA-3C346591B55C}"
EndProject
Global
	GlobalSection(SolutionConfigurationPlatforms) = preSolution
		Debug|x64 = Debug|x64
		Debug-2019|x64 = Debug-2019|x64
		Debug-2020|x64 = Debug-2020|x64
		Debug-2021|x64 = Debug-2021|x64
		Release|x64 = Release|x64
		Release-2019|x64 = Release-2019|x64
		Release-2020|x64 = Release-2020|x64
		Release-2021|x64 = Release-2021|x64
	EndGlobalSection
	GlobalSection(ProjectConfigurationPlatforms) = postSolution
		{1589B416-D7A7-48EE-988E-7191B5B24D28}.Debug|x64.ActiveCfg = Release-2019|x64
		{1589B416-D7A7-48EE-988E-7191B5B24D28}.Debug|x64.Build.0 = Release-2019|x64
		{1589B416-D7A7-48EE-988E-7191B5B24D28}.Debug-2019|x64.ActiveCfg = Debug-2019|x64
		{1589B416-D7A7-48EE-988E-7191B5B24D28}.Debug-2019|x64.Build.0 = Debug-2019|x64
		{1589B416-D7A7-48EE-988E-7191B5B24D28}.Debug-2020|x64.ActiveCfg = Debug-2020|x64
		{1589B416-D7A7-48EE-988E-7191B5B24D28}.Debug-2020|x64.Build.0 = Debug-2020|x64
		{1589B416-D7A7-48EE-988E-7191B5B24D28}.Debug-2021|x64.ActiveCfg = Debug-2021|x64
		{1589B416-D7A7-48EE-988E-7191B5B24D28}.Debug-2021|x64.Build.0 = Debug-2021|x64
		{1589B416-D7A7-48EE-988E-7191B5B24D28}.Release|x64.ActiveCfg = Release-2020|x64
		{1589B416-D7A7-48EE-988E-7191B5B24D28}.Release|x64.Build.0 = Release-2020|x64
		{1589B416-D7A7-48EE-988E-7191B5B24D28}.Release-2019|x64.ActiveCfg = Release-2019|x64
		{1589B416-D7A7-48EE-988E-7191B5B24D28}.Release-2019|x64.Build.0 = Release-2019|x64
		{1589B416-D7A7-48EE-988E-7191B5B24D28}.Release-2020|x64.ActiveCfg = Release-2020|x64
		{1589B416-D7A7-48EE-988E-7191B5B24D28}.Release-2020|x64.Build.0 = Release-2020|x64
		{1589B416-D7A7-48EE-988E-7191B5B24D28}.Release-2021|x64.ActiveCfg = Release-2021|x64
		{1589B416-D7A7-48EE-988E-7191B5B24D28}.Release-2021|x64.Build.0 = Release-2021|x64
		{EF133AA3-21E3-465C-89CA-3C346591B55C}.Debug|x64.ActiveCfg = Debug|x64
		{EF133AA3-21E3-465C-89CA-3C346591B55C}.Debug|x64.Build.0 = Debug|x64
		{EF133AA3-21E3-465C-89CA-3C346591B55C}.Debug-2019|x64.ActiveCfg = Debug|x64
		{EF133AA3-21E3-465C-89CA-3C346591B55C}.Debug-2019|x64.Build.0 = Debug|x64
		{EF133AA3-21E3-465C-89CA-3C346591B55C}.Debug-2020|x64.ActiveCfg = Debug|x64
		{EF133AA3-21E3-465C-89CA-3C346591B55C}.Debug-2020|x64.Build.0 = Debug|x64
		{EF133AA3-21E3-465C-89CA-3C346591B55C}.Debug-2021|x64.ActiveCfg = Debug|x64
		{EF133AA3-21E3-465C-89CA-3C346591B55C}.Debug-2021|x64.Build.0 = Debug|x64
		{EF133AA3-21E3-465C-89CA-3C346591B55C}.Release|x64.ActiveCfg = Release|x64
		{EF133AA3-21E3-465C-89CA-3C346591B55C}.Release|x64.Build.0 = Release|x64
		{EF133AA3-21E3-465C-89CA-3C346591B55C}.Release-2019|x64.ActiveCfg = Release|x64
		{EF133AA3-21E3-465C-89CA-3C346591B55C}.Release-2019|x64.Build.0 = Release|x64
		{EF133AA3-21E3-465C-89CA-3C346591B55C}.Release-2020|x64.ActiveCfg = Release|x64
		{EF133AA3-21E3-465C-89CA-3C346591B55C}.Release-2020|x64.Build.0 = Release|x64
		{EF133AA3-21E3-465C-89CA-3C346591B55C}.Release-2021|x64.ActiveCfg = Release|x64
		{EF133AA3-21E3-465C-89CA-3C346591B55C}.Release-2021|x64.Build.0 = Release|x64
	EndGlobalSection
	GlobalSection(SolutionProperties) = preSolution
		HideSolutionNode = FALSE
	EndGlobalSection
	GlobalSection(ExtensibilityGlobals) = postSolution
		SolutionGuid = {48DD4B32-1A90-4739-9680-31779838FF02}
	EndGlobalSection
EndGlobal
