<?xml version="1.0" encoding="utf-8"?>
<Project ToolsVersion="4.0" xmlns="http://schemas.microsoft.com/developer/msbuild/2003">
  <ItemGroup>
    <Filter Include="AutoTesting">
      <UniqueIdentifier>{c4ea1006-7011-4af6-94f5-6c3c347a731f}</UniqueIdentifier>
    </Filter>
    <Filter Include="Parser">
      <UniqueIdentifier>{05eb047f-5780-4de7-81f4-837f3dfc4073}</UniqueIdentifier>
    </Filter>
    <Filter Include="Plugin">
      <UniqueIdentifier>{47e9354f-56c5-4910-8c45-bf9475908075}</UniqueIdentifier>
    </Filter>
    <Filter Include="Resource">
      <UniqueIdentifier>{83e337cc-a3ea-4eae-9cc0-7b21d631b1c6}</UniqueIdentifier>
    </Filter>
    <Filter Include="Utils">
      <UniqueIdentifier>{922e1506-5692-475b-843c-9a41c4bb84bd}</UniqueIdentifier>
    </Filter>
    <Filter Include="Plugin\Hosek">
      <UniqueIdentifier>{af53d67a-f4ae-42f6-a3f7-a0c54a455bdd}</UniqueIdentifier>
    </Filter>
    <Filter Include="Decl">
      <UniqueIdentifier>{9c48ae23-a19d-4d50-87db-843fe20ac870}</UniqueIdentifier>
    </Filter>
    <Filter Include="RprTools">
      <UniqueIdentifier>{516e1504-e478-4432-aa94-49464d6bf871}</UniqueIdentifier>
    </Filter>
    <Filter Include="FireRender.Components">
      <UniqueIdentifier>{a81d41ed-a9c0-42be-ac91-e21625843678}</UniqueIdentifier>
    </Filter>
    <Filter Include="Plugin\light">
      <UniqueIdentifier>{975d78d1-a624-4fbe-a71a-df1679c58022}</UniqueIdentifier>
    </Filter>
    <Filter Include="Plugin\materials">
      <UniqueIdentifier>{2f5e8d16-fd76-4403-af01-1256dd4a4be2}</UniqueIdentifier>
    </Filter>
    <Filter Include="FireRender.Components\PluginContext">
      <UniqueIdentifier>{07193388-69c6-42a7-8dc4-d66c0b87b043}</UniqueIdentifier>
    </Filter>
    <Filter Include="FireRender.Components\IESLight">
      <UniqueIdentifier>{64b38013-5056-419b-b971-85dac0854ae2}</UniqueIdentifier>
    </Filter>
    <Filter Include="FireRender.Components\ImageFilter">
      <UniqueIdentifier>{23ba0957-5c7a-4ccd-9cce-7f25fa290dba}</UniqueIdentifier>
    </Filter>
  </ItemGroup>
  <ItemGroup>
    <ClInclude Include="FireRender.Max.Plugin\FrScope.h" />
    <ClInclude Include="FireRender.Max.Plugin\frWrap.h" />
    <ClInclude Include="FireRender.Max.Plugin\Resource.h" />
    <ClInclude Include="FireRender.Max.Plugin\utils\HashValue.h">
      <Filter>Utils</Filter>
    </ClInclude>
    <ClInclude Include="FireRender.Max.Plugin\utils\Stack.h">
      <Filter>Utils</Filter>
    </ClInclude>
    <ClInclude Include="FireRender.Max.Plugin\utils\Thread.h">
      <Filter>Utils</Filter>
    </ClInclude>
    <ClInclude Include="FireRender.Max.Plugin\utils\Utils.h">
      <Filter>Utils</Filter>
    </ClInclude>
    <ClInclude Include="FireRender.Max.Plugin\parser\MaterialLoader.h">
      <Filter>Parser</Filter>
    </ClInclude>
    <ClInclude Include="FireRender.Max.Plugin\parser\MaterialParser.h">
      <Filter>Parser</Filter>
    </ClInclude>
    <ClInclude Include="FireRender.Max.Plugin\parser\RenderParameters.h">
      <Filter>Parser</Filter>
    </ClInclude>
    <ClInclude Include="FireRender.Max.Plugin\parser\SceneCallbacks.h">
      <Filter>Parser</Filter>
    </ClInclude>
    <ClInclude Include="FireRender.Max.Plugin\parser\SceneParser.h">
      <Filter>Parser</Filter>
    </ClInclude>
    <ClInclude Include="FireRender.Max.Plugin\parser\Synchronizer.h">
      <Filter>Parser</Filter>
    </ClInclude>
    <ClInclude Include="FireRender.Max.Plugin\parser\UvwContext.h">
      <Filter>Parser</Filter>
    </ClInclude>
    <ClInclude Include="FireRender.Max.Plugin\parser\XMLMaterialParser.h">
      <Filter>Parser</Filter>
    </ClInclude>
    <ClInclude Include="FireRender.Max.Plugin\autotesting\Testing.h">
      <Filter>AutoTesting</Filter>
    </ClInclude>
    <ClInclude Include="FireRender.Max.Plugin\plugin\ActiveShader.h">
      <Filter>Plugin</Filter>
    </ClInclude>
    <ClInclude Include="FireRender.Max.Plugin\plugin\BgManager.h">
      <Filter>Plugin</Filter>
    </ClInclude>
    <ClInclude Include="FireRender.Max.Plugin\plugin\CamManager.h">
      <Filter>Plugin</Filter>
    </ClInclude>
    <ClInclude Include="FireRender.Max.Plugin\plugin\ClassDescs.h">
      <Filter>Plugin</Filter>
    </ClInclude>
    <ClInclude Include="FireRender.Max.Plugin\plugin\FireRenderAnalyticalSun.h">
      <Filter>Plugin</Filter>
    </ClInclude>
    <ClInclude Include="FireRender.Max.Plugin\plugin\FireRenderEnvironment.h">
      <Filter>Plugin</Filter>
    </ClInclude>
    <ClInclude Include="FireRender.Max.Plugin\plugin\FireRenderer.h">
      <Filter>Plugin</Filter>
    </ClInclude>
    <ClInclude Include="FireRender.Max.Plugin\plugin\FireRenderPortalLight.h">
      <Filter>Plugin</Filter>
    </ClInclude>
    <ClInclude Include="FireRender.Max.Plugin\plugin\FRSettingsFileHandler.h">
      <Filter>Plugin</Filter>
    </ClInclude>
    <ClInclude Include="FireRender.Max.Plugin\plugin\ManagerBase.h">
      <Filter>Plugin</Filter>
    </ClInclude>
    <ClInclude Include="FireRender.Max.Plugin\plugin\MPManager.h">
      <Filter>Plugin</Filter>
    </ClInclude>
    <ClInclude Include="FireRender.Max.Plugin\plugin\ParamBlock.h">
      <Filter>Plugin</Filter>
    </ClInclude>
    <ClInclude Include="FireRender.Max.Plugin\plugin\ParamDlg.h">
      <Filter>Plugin</Filter>
    </ClInclude>
    <ClInclude Include="FireRender.Max.Plugin\plugin\PRManager.h">
      <Filter>Plugin</Filter>
    </ClInclude>
    <ClInclude Include="FireRender.Max.Plugin\plugin\ScopeManager.h">
      <Filter>Plugin</Filter>
    </ClInclude>
    <ClInclude Include="FireRender.Max.Plugin\plugin\SkyGen.h">
      <Filter>Plugin</Filter>
    </ClInclude>
    <ClInclude Include="FireRender.Max.Plugin\plugin\TmManager.h">
      <Filter>Plugin</Filter>
    </ClInclude>
    <ClInclude Include="FireRender.Max.Plugin\plugin\WarningDlg.h">
      <Filter>Plugin</Filter>
    </ClInclude>
    <ClInclude Include="FireRender.Max.Plugin\plugin\XMLMaterialExporter.h">
      <Filter>Plugin</Filter>
    </ClInclude>
    <ClInclude Include="FireRender.Max.Plugin\plugin\Hosek\ArHosekSkyModel.h">
      <Filter>Plugin\Hosek</Filter>
    </ClInclude>
    <ClInclude Include="FireRender.Max.Plugin\plugin\Hosek\ArHosekSkyModelData_CIEXYZ.h">
      <Filter>Plugin\Hosek</Filter>
    </ClInclude>
    <ClInclude Include="FireRender.Max.Plugin\plugin\Hosek\ArHosekSkyModelData_RGB.h">
      <Filter>Plugin\Hosek</Filter>
    </ClInclude>
    <ClInclude Include="FireRender.Max.Plugin\plugin\Hosek\ArHosekSkyModelData_Spectral.h">
      <Filter>Plugin\Hosek</Filter>
    </ClInclude>
    <ClInclude Include="FireRender.Max.Plugin\3dsMaxDeclarations.h">
      <Filter>Decl</Filter>
    </ClInclude>
    <ClInclude Include="FireRender.Max.Plugin\Common.h">
      <Filter>Decl</Filter>
    </ClInclude>
    <ClInclude Include="FireRender.Max.Plugin\CoronaDeclarations.h">
      <Filter>Decl</Filter>
    </ClInclude>
    <ClInclude Include="FireRender.Max.Plugin\plugin\light\FireRenderIESLight.h">
      <Filter>Plugin\light</Filter>
    </ClInclude>
    <ClInclude Include="FireRender.Max.Plugin\plugin\light\FireRenderIES_Panel.h">
      <Filter>Plugin\light</Filter>
    </ClInclude>
    <ClInclude Include="FireRender.Max.Plugin\plugin\light\FireRenderIES_General.h">
      <Filter>Plugin\light</Filter>
    </ClInclude>
    <ClInclude Include="FireRender.Max.Plugin\plugin\light\FireRenderIES_Intensity.h">
      <Filter>Plugin\light</Filter>
    </ClInclude>
    <ClInclude Include="FireRender.Max.Plugin\plugin\light\FireRenderIES_Shadows.h">
      <Filter>Plugin\light</Filter>
    </ClInclude>
    <ClInclude Include="FireRender.Max.Plugin\plugin\light\FireRenderIES_Volume.h">
      <Filter>Plugin\light</Filter>
    </ClInclude>
    <ClInclude Include="FireRender.Max.Plugin\plugin\light\IESLightParameter.h">
      <Filter>Plugin\light</Filter>
    </ClInclude>
    <ClInclude Include="FireRender.Max.Plugin\plugin\light\LookAtTarget.h">
      <Filter>Plugin\light</Filter>
    </ClInclude>
    <ClInclude Include="FireRender.Max.Plugin\utils\KelvinToColor.h">
      <Filter>Utils</Filter>
    </ClInclude>
    <ClInclude Include="FireRender.Max.Plugin\plugin\materials\FireRenderAddMtl.h">
      <Filter>Plugin\materials</Filter>
    </ClInclude>
    <ClInclude Include="FireRender.Max.Plugin\plugin\materials\FireRenderArithmMtl.h">
      <Filter>Plugin\materials</Filter>
    </ClInclude>
    <ClInclude Include="FireRender.Max.Plugin\plugin\materials\FireRenderAvgMtl.h">
      <Filter>Plugin\materials</Filter>
    </ClInclude>
    <ClInclude Include="FireRender.Max.Plugin\plugin\materials\FireRenderBlendMtl.h">
      <Filter>Plugin\materials</Filter>
    </ClInclude>
    <ClInclude Include="FireRender.Max.Plugin\plugin\materials\FireRenderBlendValueMtl.h">
      <Filter>Plugin\materials</Filter>
    </ClInclude>
    <ClInclude Include="FireRender.Max.Plugin\plugin\materials\FireRenderColorMtl.h">
      <Filter>Plugin\materials</Filter>
    </ClInclude>
    <ClInclude Include="FireRender.Max.Plugin\plugin\materials\FireRenderDiffuseMtl.h">
      <Filter>Plugin\materials</Filter>
    </ClInclude>
    <ClInclude Include="FireRender.Max.Plugin\plugin\materials\FireRenderDiffuseRefractionMtl.h">
      <Filter>Plugin\materials</Filter>
    </ClInclude>
    <ClInclude Include="FireRender.Max.Plugin\plugin\materials\FireRenderDisplacementMtl.h">
      <Filter>Plugin\materials</Filter>
    </ClInclude>
    <ClInclude Include="FireRender.Max.Plugin\plugin\materials\FireRenderEmissiveMtl.h">
      <Filter>Plugin\materials</Filter>
    </ClInclude>
    <ClInclude Include="FireRender.Max.Plugin\plugin\materials\FireRenderFresnelMtl.h">
      <Filter>Plugin\materials</Filter>
    </ClInclude>
    <ClInclude Include="FireRender.Max.Plugin\plugin\materials\FireRenderFresnelSchlickMtl.h">
      <Filter>Plugin\materials</Filter>
    </ClInclude>
    <ClInclude Include="FireRender.Max.Plugin\plugin\materials\FireRenderInputLUMtl.h">
      <Filter>Plugin\materials</Filter>
    </ClInclude>
    <ClInclude Include="FireRender.Max.Plugin\plugin\materials\FireRenderMaterialMtl.h">
      <Filter>Plugin\materials</Filter>
    </ClInclude>
    <ClInclude Include="FireRender.Max.Plugin\plugin\materials\FireRenderMFRefractionMtl.h">
      <Filter>Plugin\materials</Filter>
    </ClInclude>
    <ClInclude Include="FireRender.Max.Plugin\plugin\materials\FireRenderMicrofacetMtl.h">
      <Filter>Plugin\materials</Filter>
    </ClInclude>
    <ClInclude Include="FireRender.Max.Plugin\plugin\materials\FireRenderMtlBase.h">
      <Filter>Plugin\materials</Filter>
    </ClInclude>
    <ClInclude Include="FireRender.Max.Plugin\plugin\materials\FireRenderNormalMtl.h">
      <Filter>Plugin\materials</Filter>
    </ClInclude>
    <ClInclude Include="FireRender.Max.Plugin\plugin\materials\FireRenderOrenNayarMtl.h">
      <Filter>Plugin\materials</Filter>
    </ClInclude>
    <ClInclude Include="FireRender.Max.Plugin\plugin\materials\FireRenderReflectionMtl.h">
      <Filter>Plugin\materials</Filter>
    </ClInclude>
    <ClInclude Include="FireRender.Max.Plugin\plugin\materials\FireRenderRefractionMtl.h">
      <Filter>Plugin\materials</Filter>
    </ClInclude>
    <ClInclude Include="FireRender.Max.Plugin\plugin\materials\FireRenderStandardMtl.h">
      <Filter>Plugin\materials</Filter>
    </ClInclude>
    <ClInclude Include="FireRender.Max.Plugin\plugin\materials\FireRenderTransparentMtl.h">
      <Filter>Plugin\materials</Filter>
    </ClInclude>
    <ClInclude Include="FireRender.Max.Plugin\plugin\materials\FireRenderUberMtl.h">
      <Filter>Plugin\materials</Filter>
    </ClInclude>
    <ClInclude Include="FireRender.Max.Plugin\plugin\materials\FireRenderUberMtlv2.h">
      <Filter>Plugin\materials</Filter>
    </ClInclude>
    <ClInclude Include="FireRender.Max.Plugin\plugin\materials\FireRenderVolumeMtl.h">
      <Filter>Plugin\materials</Filter>
    </ClInclude>
    <ClInclude Include="FireRender.Max.Plugin\plugin\materials\FireRenderWardMtl.h">
      <Filter>Plugin\materials</Filter>
    </ClInclude>
    <ClInclude Include="FireRender.Max.Plugin\plugin\materials\FireRenderPbrMtl.h">
      <Filter>Plugin\materials</Filter>
    </ClInclude>
    <ClInclude Include="FireRender.Max.Plugin\plugin\light\FireRenderIES_Profiles.h">
      <Filter>Plugin\light</Filter>
    </ClInclude>
    <ClInclude Include="FireRender.Max.Plugin\plugin\light\IFireRenderLight.h">
      <Filter>Plugin\light</Filter>
    </ClInclude>
    <ClInclude Include="FireRender.Max.Plugin\plugin\light\FireRenderLight.h">
      <Filter>Plugin\light</Filter>
    </ClInclude>
    <ClInclude Include="FireRender.Max.Plugin\plugin\materials\FireRenderShadowCatcherMtl.h">
      <Filter>Plugin\materials</Filter>
    </ClInclude>
    <ClInclude Include="FireRender.Components\cpp\IESLight\IESLightRepresentationCalc.h">
      <Filter>FireRender.Components\IESLight</Filter>
    </ClInclude>
    <ClInclude Include="FireRender.Components\cpp\IESLight\IESprocessor.h">
      <Filter>FireRender.Components\IESLight</Filter>
    </ClInclude>
    <ClInclude Include="FireRender.Components\cpp\PluginContext\PluginContext.h">
      <Filter>FireRender.Components\PluginContext</Filter>
    </ClInclude>
    <ClInclude Include="FireRender.Max.Plugin\plugin\RprComposite.h">
      <Filter>Plugin</Filter>
    </ClInclude>
    <ClInclude Include="FireRender.Max.Plugin\plugin\materials\FireRenderColourCorrectionMtl.h">
      <Filter>Plugin\materials</Filter>
    </ClInclude>
    <ClInclude Include="FireRender.Components\cpp\ImageFilter\ImageFilter.h">
      <Filter>FireRender.Components\ImageFilter</Filter>
    </ClInclude>
    <ClInclude Include="version.h" />
  </ItemGroup>
  <ItemGroup>
    <ResourceCompile Include="FireRender.Max.Plugin\FireMax.rc" />
  </ItemGroup>
  <ItemGroup>
    <ClCompile Include="FireRender.Max.Plugin\FrScope.cpp" />
    <ClCompile Include="FireRender.Max.Plugin\Main.cpp" />
    <ClCompile Include="FireRender.Max.Plugin\utils\HashValue.cpp">
      <Filter>Utils</Filter>
    </ClCompile>
    <ClCompile Include="FireRender.Max.Plugin\utils\Thread.cpp">
      <Filter>Utils</Filter>
    </ClCompile>
    <ClCompile Include="FireRender.Max.Plugin\utils\Utils.cpp">
      <Filter>Utils</Filter>
    </ClCompile>
    <ClCompile Include="FireRender.Max.Plugin\parser\MaterialLoader.cpp">
      <Filter>Parser</Filter>
    </ClCompile>
    <ClCompile Include="FireRender.Max.Plugin\parser\MaterialParser.cpp">
      <Filter>Parser</Filter>
    </ClCompile>
    <ClCompile Include="FireRender.Max.Plugin\parser\SceneParser.cpp">
      <Filter>Parser</Filter>
    </ClCompile>
    <ClCompile Include="FireRender.Max.Plugin\parser\Synchronizer.cpp">
      <Filter>Parser</Filter>
    </ClCompile>
    <ClCompile Include="FireRender.Max.Plugin\parser\Synchronizer_Geometry.cpp">
      <Filter>Parser</Filter>
    </ClCompile>
    <ClCompile Include="FireRender.Max.Plugin\parser\Synchronizer_Light.cpp">
      <Filter>Parser</Filter>
    </ClCompile>
    <ClCompile Include="FireRender.Max.Plugin\parser\Synchronizer_Material.cpp">
      <Filter>Parser</Filter>
    </ClCompile>
    <ClCompile Include="FireRender.Max.Plugin\parser\Synchronizer_RenderSettings.cpp">
      <Filter>Parser</Filter>
    </ClCompile>
    <ClCompile Include="FireRender.Max.Plugin\parser\Synchronizer_ToneMapper.cpp">
      <Filter>Parser</Filter>
    </ClCompile>
    <ClCompile Include="FireRender.Max.Plugin\parser\XMLMaterialParser.cpp">
      <Filter>Parser</Filter>
    </ClCompile>
    <ClCompile Include="FireRender.Max.Plugin\autotesting\Plugin.cpp">
      <Filter>AutoTesting</Filter>
    </ClCompile>
    <ClCompile Include="FireRender.Max.Plugin\autotesting\Testing.cpp">
      <Filter>AutoTesting</Filter>
    </ClCompile>
    <ClCompile Include="FireRender.Max.Plugin\plugin\ActiveShader.cpp">
      <Filter>Plugin</Filter>
    </ClCompile>
    <ClCompile Include="FireRender.Max.Plugin\plugin\AOVs.cpp">
      <Filter>Plugin</Filter>
    </ClCompile>
    <ClCompile Include="FireRender.Max.Plugin\plugin\BgManager.cpp">
      <Filter>Plugin</Filter>
    </ClCompile>
    <ClCompile Include="FireRender.Max.Plugin\plugin\CamManager.cpp">
      <Filter>Plugin</Filter>
    </ClCompile>
    <ClCompile Include="FireRender.Max.Plugin\plugin\FireRenderAnalyticalSun.cpp">
      <Filter>Plugin</Filter>
    </ClCompile>
    <ClCompile Include="FireRender.Max.Plugin\plugin\FireRenderEnvironment.cpp">
      <Filter>Plugin</Filter>
    </ClCompile>
    <ClCompile Include="FireRender.Max.Plugin\plugin\FireRenderer.cpp">
      <Filter>Plugin</Filter>
    </ClCompile>
    <ClCompile Include="FireRender.Max.Plugin\plugin\FireRenderPortalLight.cpp">
      <Filter>Plugin</Filter>
    </ClCompile>
    <ClCompile Include="FireRender.Max.Plugin\plugin\FRExportMaterialXML.cpp">
      <Filter>Plugin</Filter>
    </ClCompile>
    <ClCompile Include="FireRender.Max.Plugin\plugin\FRSettingsFileHandler.cpp">
      <Filter>Plugin</Filter>
    </ClCompile>
    <ClCompile Include="FireRender.Max.Plugin\plugin\ManagerBase.cpp">
      <Filter>Plugin</Filter>
    </ClCompile>
    <ClCompile Include="FireRender.Max.Plugin\plugin\MPManager.cpp">
      <Filter>Plugin</Filter>
    </ClCompile>
    <ClCompile Include="FireRender.Max.Plugin\plugin\ParamBlock.cpp">
      <Filter>Plugin</Filter>
    </ClCompile>
    <ClCompile Include="FireRender.Max.Plugin\plugin\ParamDlg.cpp">
      <Filter>Plugin</Filter>
    </ClCompile>
    <ClCompile Include="FireRender.Max.Plugin\plugin\PRManager.cpp">
      <Filter>Plugin</Filter>
    </ClCompile>
    <ClCompile Include="FireRender.Max.Plugin\plugin\ScopeManager.cpp">
      <Filter>Plugin</Filter>
    </ClCompile>
    <ClCompile Include="FireRender.Max.Plugin\plugin\SkyGen.cpp">
      <Filter>Plugin</Filter>
    </ClCompile>
    <ClCompile Include="FireRender.Max.Plugin\plugin\TmManager.cpp">
      <Filter>Plugin</Filter>
    </ClCompile>
    <ClCompile Include="FireRender.Max.Plugin\plugin\WarningDlg.cpp">
      <Filter>Plugin</Filter>
    </ClCompile>
    <ClCompile Include="FireRender.Max.Plugin\plugin\XMLMaterialExporter.cpp">
      <Filter>Plugin</Filter>
    </ClCompile>
    <ClCompile Include="FireRender.Max.Plugin\plugin\Hosek\ArHosekSkyModel.cpp">
      <Filter>Plugin\Hosek</Filter>
    </ClCompile>
    <ClCompile Include="ThirdParty\RadeonProRender SDK\Win\RprTools.cpp">
      <Filter>RprTools</Filter>
    </ClCompile>
    <ClCompile Include="FireRender.Max.Plugin\plugin\light\FireRenderIESLight.cpp">
      <Filter>Plugin\light</Filter>
    </ClCompile>
    <ClCompile Include="FireRender.Max.Plugin\plugin\light\LookAtTarget.cpp">
      <Filter>Plugin\light</Filter>
    </ClCompile>
    <ClCompile Include="FireRender.Max.Plugin\plugin\light\FireRenderIES_General.cpp">
      <Filter>Plugin\light</Filter>
    </ClCompile>
    <ClCompile Include="FireRender.Max.Plugin\plugin\light\FireRenderIES_Intensity.cpp">
      <Filter>Plugin\light</Filter>
    </ClCompile>
    <ClCompile Include="FireRender.Max.Plugin\utils\KelvinToColor.cpp">
      <Filter>Utils</Filter>
    </ClCompile>
    <ClCompile Include="FireRender.Max.Plugin\plugin\light\FireRenderIES_Shadows.cpp">
      <Filter>Plugin\light</Filter>
    </ClCompile>
    <ClCompile Include="FireRender.Max.Plugin\plugin\light\FireRenderIES_Volume.cpp">
      <Filter>Plugin\light</Filter>
    </ClCompile>
    <ClCompile Include="FireRender.Max.Plugin\plugin\materials\FireRenderAddMtl.cpp">
      <Filter>Plugin\materials</Filter>
    </ClCompile>
    <ClCompile Include="FireRender.Max.Plugin\plugin\materials\FireRenderArithmMtl.cpp">
      <Filter>Plugin\materials</Filter>
    </ClCompile>
    <ClCompile Include="FireRender.Max.Plugin\plugin\materials\FireRenderAvgMtl.cpp">
      <Filter>Plugin\materials</Filter>
    </ClCompile>
    <ClCompile Include="FireRender.Max.Plugin\plugin\materials\FireRenderBlendMtl.cpp">
      <Filter>Plugin\materials</Filter>
    </ClCompile>
    <ClCompile Include="FireRender.Max.Plugin\plugin\materials\FireRenderBlendValueMtl.cpp">
      <Filter>Plugin\materials</Filter>
    </ClCompile>
    <ClCompile Include="FireRender.Max.Plugin\plugin\materials\FireRenderColorMtl.cpp">
      <Filter>Plugin\materials</Filter>
    </ClCompile>
    <ClCompile Include="FireRender.Max.Plugin\plugin\materials\FireRenderDiffuseMtl.cpp">
      <Filter>Plugin\materials</Filter>
    </ClCompile>
    <ClCompile Include="FireRender.Max.Plugin\plugin\materials\FireRenderDiffuseRefractionMtl.cpp">
      <Filter>Plugin\materials</Filter>
    </ClCompile>
    <ClCompile Include="FireRender.Max.Plugin\plugin\materials\FireRenderDisplacementMtl.cpp">
      <Filter>Plugin\materials</Filter>
    </ClCompile>
    <ClCompile Include="FireRender.Max.Plugin\plugin\materials\FireRenderEmissiveMtl.cpp">
      <Filter>Plugin\materials</Filter>
    </ClCompile>
    <ClCompile Include="FireRender.Max.Plugin\plugin\materials\FireRenderFresnelMtl.cpp">
      <Filter>Plugin\materials</Filter>
    </ClCompile>
    <ClCompile Include="FireRender.Max.Plugin\plugin\materials\FireRenderFresnelSchlickMtl.cpp">
      <Filter>Plugin\materials</Filter>
    </ClCompile>
    <ClCompile Include="FireRender.Max.Plugin\plugin\materials\FireRenderInputLUMtl.cpp">
      <Filter>Plugin\materials</Filter>
    </ClCompile>
    <ClCompile Include="FireRender.Max.Plugin\plugin\materials\FireRenderMaterialMtl.cpp">
      <Filter>Plugin\materials</Filter>
    </ClCompile>
    <ClCompile Include="FireRender.Max.Plugin\plugin\materials\FireRenderMFRefractionMtl.cpp">
      <Filter>Plugin\materials</Filter>
    </ClCompile>
    <ClCompile Include="FireRender.Max.Plugin\plugin\materials\FireRenderMicrofacetMtl.cpp">
      <Filter>Plugin\materials</Filter>
    </ClCompile>
    <ClCompile Include="FireRender.Max.Plugin\plugin\materials\FireRenderNormalMtl.cpp">
      <Filter>Plugin\materials</Filter>
    </ClCompile>
    <ClCompile Include="FireRender.Max.Plugin\plugin\materials\FireRenderOrenNayarMtl.cpp">
      <Filter>Plugin\materials</Filter>
    </ClCompile>
    <ClCompile Include="FireRender.Max.Plugin\plugin\materials\FireRenderReflectionMtl.cpp">
      <Filter>Plugin\materials</Filter>
    </ClCompile>
    <ClCompile Include="FireRender.Max.Plugin\plugin\materials\FireRenderRefractionMtl.cpp">
      <Filter>Plugin\materials</Filter>
    </ClCompile>
    <ClCompile Include="FireRender.Max.Plugin\plugin\materials\FireRenderStandardMtl.cpp">
      <Filter>Plugin\materials</Filter>
    </ClCompile>
    <ClCompile Include="FireRender.Max.Plugin\plugin\materials\FireRenderTransparentMtl.cpp">
      <Filter>Plugin\materials</Filter>
    </ClCompile>
    <ClCompile Include="FireRender.Max.Plugin\plugin\materials\FireRenderUberMtl.cpp">
      <Filter>Plugin\materials</Filter>
    </ClCompile>
    <ClCompile Include="FireRender.Max.Plugin\plugin\materials\FireRenderUberMtlv2.cpp">
      <Filter>Plugin\materials</Filter>
    </ClCompile>
    <ClCompile Include="FireRender.Max.Plugin\plugin\materials\FireRenderVolumeMtl.cpp">
      <Filter>Plugin\materials</Filter>
    </ClCompile>
    <ClCompile Include="FireRender.Max.Plugin\plugin\materials\FireRenderWardMtl.cpp">
      <Filter>Plugin\materials</Filter>
    </ClCompile>
    <ClCompile Include="FireRender.Max.Plugin\plugin\materials\FireRenderPbrMtl.cpp">
      <Filter>Plugin\materials</Filter>
    </ClCompile>
    <ClCompile Include="FireRender.Max.Plugin\plugin\light\FireRenderIES_Profiles.cpp">
      <Filter>Plugin\light</Filter>
    </ClCompile>
    <ClCompile Include="FireRender.Max.Plugin\plugin\light\FireRenderIESLightImpl.cpp">
      <Filter>Plugin\light</Filter>
    </ClCompile>
    <ClCompile Include="FireRender.Max.Plugin\plugin\light\FireRenderLight.cpp">
      <Filter>Plugin\light</Filter>
    </ClCompile>
    <ClCompile Include="FireRender.Max.Plugin\plugin\light\FireRenderIES_Panel.cpp">
      <Filter>Plugin\light</Filter>
    </ClCompile>
    <ClCompile Include="FireRender.Max.Plugin\plugin\materials\FireRenderShadowCatcherMtl.cpp">
      <Filter>Plugin\materials</Filter>
    </ClCompile>
    <ClCompile Include="FireRender.Max.Plugin\plugin\RprComposite.cpp">
      <Filter>Plugin</Filter>
    </ClCompile>
    <ClCompile Include="FireRender.Components\cpp\IESLight\IESLightRepresentationCalc.cpp">
      <Filter>FireRender.Components\IESLight</Filter>
    </ClCompile>
    <ClCompile Include="FireRender.Components\cpp\IESLight\IESprocessor.cpp">
      <Filter>FireRender.Components\IESLight</Filter>
    </ClCompile>
    <ClCompile Include="FireRender.Components\cpp\PluginContext\PluginContext.cpp">
      <Filter>FireRender.Components\PluginContext</Filter>
    </ClCompile>
    <ClCompile Include="FireRender.Max.Plugin\MaxScriptHandler.cpp" />
    <ClCompile Include="FireRender.Max.Plugin\plugin\materials\FireRenderColourCorrectionMtl.cpp">
      <Filter>Plugin\materials</Filter>
    </ClCompile>
    <ClCompile Include="FireRender.Components\cpp\ImageFilter\ImageFilter.cpp">
      <Filter>FireRender.Components\ImageFilter</Filter>
    </ClCompile>
  </ItemGroup>
  <ItemGroup>
    <Image Include="FireRender.Max.Plugin\resource\logo-317px.bmp">
      <Filter>Resource</Filter>
    </Image>
    <Image Include="FireRender.Max.Plugin\resource\worldmap.bmp">
      <Filter>Resource</Filter>
    </Image>
  </ItemGroup>
  <ItemGroup>
    <None Include="about.rtf" />
  </ItemGroup>
</Project>